github.com/alecthomas/kingpin/v2 v2.4.0 h1:f48lwail6p8zpO1bC4TxtqACaGqHYA22qkHjHpqDjYY=
github.com/alecthomas/kingpin/v2 v2.4.0/go.mod h1:0gyi0zQnjuFk8xrkNKamJoyUo382HRL7ATRpFZCw6tE=
github.com/alecthomas/units v0.0.0-20211218093645-b94a6e3cc137 h1:s6gZFSlWYmbqAuRjVTiNNhvNRfY2Wxp9nhfyel4rklc=
github.com/alecthomas/units v0.0.0-20211218093645-b94a6e3cc137/go.mod h1:OMCwj8VM1Kc9e19TLln2VL61YJF0x1XFtfdL4JdbSyE=
github.com/btcsuite/btcd v0.26.2 h1:hPXzICjUZOsW2JwBLg9nHwGabc/D7pJDlna2vTB/SWI=
github.com/btcsuite/btcd v0.26.2/go.mod h1:MZvDMHzZLcLyjEF8vzq+fLg/a/VwkvejnLovHmA5YiE=
github.com/btcsuite/btcd/address/v2 v2.0.0 h1:UVu8Hal6Siu4XastFe+JX5JkeBYONbDUIY5E+SVTs6I=
github.com/btcsuite/btcd/address/v2 v2.0.0/go.mod h1:htJK1AtaeK3bKNfZY63ep2oN8LbrI6qvmPGe1vekb3I=
github.com/btcsuite/btcd/btcec/v2 v2.5.0 h1:KioMXOWa76b86sTZZOmbzv/ldaQCmB8KFAyn5PbB8E8=
github.com/btcsuite/btcd/btcec/v2 v2.5.0/go.mod h1:+K/MYXcLBtHEQjRbjHuJChuybk4LCgjdjgRwil+e+Kk=
github.com/btcsuite/btcd/btcutil/v2 v2.0.1 h1:ZDz+9GrvetBfvbVv2J93hePAFH5BNjE5Eaz4jMQZSY0=
github.com/btcsuite/btcd/btcutil/v2 v2.0.1/go.mod h1:W35r9Hm3PUWF09us9CcMhRLtNDj/6f66b004cm3vECU=
github.com/btcsuite/btcd/chaincfg/v2 v2.0.0 h1:M/RTtXfXA9odC1RUEOyZFXj/NXKVHPYZXVjb60xTOok=
github.com/btcsuite/btcd/chaincfg/v2 v2.0.0/go.mod h1:rHgHIXYYfn70m25a+BJ9f9z7VZAsTiDQGB2XYaippGQ=
github.com/btcsuite/btcd/chainhash/v2 v2.0.0 h1:PMLlSloHJuEeB80XG9EjpXWNEKAZAMLl6YHZ6YsEuoA=
github.com/btcsuite/btcd/chainhash/v2 v2.0.0/go.mod h1:mKxcZ7oGTXE7IRV+sS9hP4EVBwc/SzfNR+52IsOP9j8=
github.com/btcsuite/btcd/txscript/v2 v2.0.0 h1:pEmmHaC8eRx6KSB63zSVJD7qrit9/c9cLSrw++XrYP8=
github.com/btcsuite/btcd/txscript/v2 v2.0.0/go.mod h1:pZXabc11Xr9nz/18kXY3yErdAajYc3gi28Zqb3KqlFo=
github.com/btcsuite/btcd/wire/v2 v2.0.1 h1:edmb35tvRyQpFp331L9PwZFccaTCOQwevSsU6ra4BR4=
github.com/btcsuite/btcd/wire/v2 v2.0.1/go.mod h1:ENBpJL0JYUNlqvajhIFTOcWGNNumjCynDk4PL0OG58I=
github.com/btcsuite/btclog v1.0.0 h1:sEkpKJMmfGiyZjADwEIgB1NSwMyfdD1FB8v6+w1T0Ns=
github.com/btcsuite/btclog v1.0.0/go.mod h1:w7xnGOhwT3lmrS4H3b/D1XAXxvh+tbhUm8xeHN2y3TQ=
github.com/btcsuite/go-socks v0.0.0-20170105172521-4720035b7bfd h1:R/opQEbFEy9JGkIguV40SvRY1uliPX8ifOvi6ICsFCw=
github.com/btcsuite/go-socks v0.0.0-20170105172521-4720035b7bfd/go.mod h1:HHNXQzUsZCxOoE+CPiyCTO6x34Zs86zZUiwtpXoGdtg=
github.com/btcsuite/websocket v0.0.0-20150119174127-31079b680792 h1:R8vQdOQdZ9Y3SkEwmHoWBmX1DNXhXZqlTpq6s4tyJGc=
github.com/btcsuite/websocket v0.0.0-20150119174127-31079b680792/go.mod h1:ghJtEyQwv5/p4Mg4C0fgbePVuGr935/5ddU9Z3TmDRY=
github.com/coreos/go-systemd/v22 v22.7.0 h1:LAEzFkke61DFROc7zNLX/WA2i5J8gYqe0rSj9KI28KA=
github.com/coreos/go-systemd/v22 v22.7.0/go.mod h1:xNUYtjHu2EDXbsxz1i41wouACIwT7Ybq9o0BQhMwD0w=
github.com/creack/pty v1.1.9/go.mod h1:oKZEueFk5CKHvIhNR5MUki03XCEU+Q6VDXinZuGJ33E=
github.com/davecgh/go-spew v1.1.0/go.mod h1:J7Y8YcW2NihsgmVo/mv3lAwl/skON4iLHjSsI+c5H38=
github.com/davecgh/go-spew v1.1.1 h1:vj9j/u1bqnvCEfJOwUhtlOARqs3+rkHYY13jYWTU97c=
github.com/davecgh/go-spew v1.1.1/go.mod h1:J7Y8YcW2NihsgmVo/mv3lAwl/skON4iLHjSsI+c5H38=
github.com/decred/dcrd/crypto/blake256 v1.1.0 h1:zPMNGQCm0g4QTY27fOCorQW7EryeQ/U0x++OzVrdms8=
github.com/decred/dcrd/crypto/blake256 v1.1.0/go.mod h1:2OfgNZ5wDpcsFmHmCK5gZTPcCXqlm2ArzUIkw9czNJo=
github.com/decred/dcrd/dcrec/secp256k1/v4 v4.4.0 h1:NMZiJj8QnKe1LgsbDayM4UoHwbvwDRwnI3hwNaAHRnc=
github.com/decred/dcrd/dcrec/secp256k1/v4 v4.4.0/go.mod h1:ZXNYxsqcloTdSy/rNShjYzMhyjf0LaoftYK0p+A3h40=
github.com/erikdubbelboer/gspt v0.0.0-20210805194459-ce36a5128377 h1:gT+RM6gdTIAzMT7HUvmT5mL8SyG8Wx7iS3+L0V34Km4=
github.com/erikdubbelboer/gspt v0.0.0-20210805194459-ce36a5128377/go.mod h1:v6o7m/E9bfvm79dE1iFiF+3T7zLBnrjYjkWMa1J+Hv0=
github.com/fsnotify/fsnotify v1.9.0 h1:2Ml+OJNzbYCTzsxtv8vKSFD9PbJjmhYF14k/jKC7S9k=
github.com/fsnotify/fsnotify v1.9.0/go.mod h1:8jBTzvmWwFyi3Pb8djgCCO5IBqzKJ/Jwo8TRcHyHii0=
github.com/fxamacker/cbor v1.5.1 h1:XjQWBgdmQyqimslUh5r4tUGmoqzHmBFQOImkWGi2awg=
github.com/fxamacker/cbor v1.5.1/go.mod h1:3aPGItF174ni7dDzd6JZ206H8cmr4GDNBGpPa971zsU=
github.com/go-viper/mapstructure/v2 v2.4.0 h1:EBsztssimR/CONLSZZ04E8qAkxNYq4Qp9LvH92wZUgs=
github.com/go-viper/mapstructure/v2 v2.4.0/go.mod h1:oJDH3BJKyqBA2TXFhDsKDGDTlndYOZ6rGS0BRZIxGhM=
github.com/golang/groupcache v0.0.0-20241129210726-2c02b8208cf8 h1:f+oWsMOmNPc8JmEHVZIycC7hBoQxHH9pNKQORJNozsQ=
github.com/golang/groupcache v0.0.0-20241129210726-2c02b8208cf8/go.mod h1:wcDNUvekVysuuOpQKo3191zZyTpiI6se1N1ULghS0sw=
github.com/google/go-cmp v0.6.0 h1:ofyhxvXcZhMsU5ulbFiLKl/XBFqE1GSq7atu8tAmTRI=
github.com/google/go-cmp v0.6.0/go.mod h1:17dUlkBOakJ0+DkrSSNjCkIjxS6bF9zb3elmeNGIjoY=
github.com/gorilla/websocket v1.5.3 h1:saDtZ6Pbx/0u+bgYQ3q96pZgCzfhKXGPqt7kZ72aNNg=
github.com/gorilla/websocket v1.5.3/go.mod h1:YR8l580nyteQvAITg2hZ9XVh4b55+EU/adAjf1fMHhE=
github.com/hlandau/buildinfo v0.0.0-20161112115716-337a29b54997 h1:pSU4Sj7AD5qh+4V5FRlpiw3DpuNQ459c3j8h2F38q74=
github.com/hlandau/buildinfo v0.0.0-20161112115716-337a29b54997/go.mod h1:Oara+TmqGrvsLVEj5YkFe+PP9cSkp0kFD2PFQ5gjHok=
github.com/hlandau/degoutils v0.0.0-20161011040956-8fa2440b6344 h1:/SOExPIKkg89UgubWvG7b39ZXRqQsnqO4XAnfgLSlWE=
github.com/hlandau/degoutils v0.0.0-20161011040956-8fa2440b6344/go.mod h1:IGydFzi3XPuHxRu0kWym0F6T5gp409oMK7bKZHbLRzU=
github.com/hlandau/nctestsuite v0.0.0-20151129185958-a9b78806c85c h1:R57p3FRXT336kkWtJ6uQjQvcvAn6w+js8m3ThoFfT60=
github.com/hlandau/nctestsuite v0.0.0-20151129185958-a9b78806c85c/go.mod h1:XcylZc9Y4rY8ZeQTdH/tWRy02VhRmEjQLnjD6nwcmQw=
github.com/hlandau/xlog v1.0.0 h1:tcFGp86iK+v6NwbyuG9wyLB77SBkvAJUjOkRJo3H8C0=
github.com/hlandau/xlog v1.0.0/go.mod h1:aZl5hrokGCtnAFcvft2givQmKZYVfHRvQJbjoqI2lm8=
github.com/kcalvinalvin/anet v0.0.0-20251112173137-d8ddc1f6dbee h1:FPP9HDkBbPyniu+u7FHZg+kKFX1WW0gxOGteJ0h3AJk=
github.com/kcalvinalvin/anet v0.0.0-20251112173137-d8ddc1f6dbee/go.mod h1:N6sz6HwJAenJ6d+/xmSl0ikfV05ZrVGmjt1ryy/WOtE=
github.com/knadh/koanf/maps v0.1.2 h1:RBfmAW5CnZT+PJ1CVc1QSJKf4Xu9kxfQgYVQSu8hpbo=
github.com/knadh/koanf/maps v0.1.2/go.mod h1:npD/QZY3V6ghQDdcQzl1W4ICNVTkohC8E73eI2xW4yI=
github.com/knadh/koanf/parsers/toml/v2 v2.2.2 h1:wbGxbgzNMsdEpnybeSPpI8sZixARaEr4+sLW+j+/hLM=
github.com/knadh/koanf/parsers/toml/v2 v2.2.2/go.mod h1:JMyUfTKxpuou5VgLw/RXvKXMixIKEwJXALZon+pt0pg=
github.com/knadh/koanf/providers/file v1.2.1 h1:bEWbtQwYrA+W2DtdBrQWyXqJaJSG3KrP3AESOJYp9wM=
github.com/knadh/koanf/providers/file v1.2.1/go.mod h1:bp1PM5f83Q+TOUu10J/0ApLBd9uIzg+n9UgthfY+nRA=
github.com/knadh/koanf/v2 v2.3.6 h1:JoQPSJmvS4aP0xNc8xMDr5tcrkSEInL23/Il7pITAKo=
github.com/knadh/koanf/v2 v2.3.6/go.mod h1:gRb40VRAbd4iJMYYD5IxZ6hfuopFcXBpc9bbQpZwo28=
github.com/kr/pretty v0.3.1 h1:flRD4NNwYAUpkphVc1HcthR4KEIFJ65n8Mw5qdRn3LE=
github.com/kr/pretty v0.3.1/go.mod h1:hoEshYVHaxMs3cyo3Yncou5ZscifuDolrwPKZanG3xk=
github.com/kr/text v0.2.0 h1:5Nx0Ya0ZqY2ygV366QzturHI13Jq95ApcVaJBhpS+AY=
github.com/kr/text v0.2.0/go.mod h1:eLer722TekiGuMkidMxC/pM04lWEeraHUUmBw8l2grE=
github.com/mattn/go-isatty v0.0.24 h1:tGZZoVgT/KiqK1c8ocVLeDS8BSWMRd47J3Lbz7vsReI=
github.com/mattn/go-isatty v0.0.24/go.mod h1:nMCL3Zebbrt45jsMDgnfIwz6ydEQApk5oEI3HqDio6A=
github.com/miekg/dns v1.1.72 h1:vhmr+TF2A3tuoGNkLDFK9zi36F2LS+hKTRW0Uf8kbzI=
github.com/miekg/dns v1.1.72/go.mod h1:+EuEPhdHOsfk6Wk5TT2CzssZdqkmFhf8r+aVyDEToIs=
github.com/mitchellh/copystructure v1.2.0 h1:vpKXTN4ewci03Vljg/q9QvCGUDttBOGBIa15WveJJGw=
github.com/mitchellh/copystructure v1.2.0/go.mod h1:qLl+cE2AmVv+CoeAwDPye/v+N2HKCj9FbZEVFJRxO9s=
github.com/mitchellh/reflectwalk v1.0.2 h1:G2LzWKi524PWgd3mLHV8Y5k7s6XUvT0Gef6zxSIeXaQ=
github.com/mitchellh/reflectwalk v1.0.2/go.mod h1:mSTlrgnPZtwu0c4WaC2kGObEpuNDbx0jmZXqmk4esnw=
github.com/namecoin/crosssignnameconstraint v0.0.3 h1:6TtG9CG7KlV7NboMlV+vB82sGSb5gquuxnnJcdUMxfQ=
github.com/namecoin/crosssignnameconstraint v0.0.3/go.mod h1:hL9glKGM6nmCJosbPRcVsDSwjlSKe5vJ96pnnaaZyfA=
github.com/namecoin/ncbtcjson v0.1.0 h1:N0A5tFpS82gQNDr8FoQwWPPuNeY0iZIJFYTb7udyEB8=
github.com/namecoin/ncbtcjson v0.1.0/go.mod h1:qSA7Td0v4e3gXoWvszuJjzqJSie9XhH2lwLPMLmhkfY=
github.com/namecoin/ncrpcclient v0.1.0 h1:dhzSGvaire6hadJsxFX9268Gce6E18wtVjAjG4SOHpo=
github.com/namecoin/ncrpcclient v0.1.0/go.mod h1:bhsIDzYxt5ACJStqPBcAu3/4Cn5GNsgJxSoXHovlaP4=
github.com/namecoin/splicesign v0.0.1 h1:hhPteXmtu8zDmK2vPW5DPc2wLZGnNKkQzi84iP5PdqM=
github.com/namecoin/splicesign v0.0.1/go.mod h1:2KjXST9TPllte95x4OUg454qCHTLAOC5GL0UsyTtwF8=
github.com/namecoin/tlsrestrictnss v0.0.5 h1:fiOMEa+d3dm/68bd8Gc1fpKtBIrlHT0yYZVNuqEhdsQ=
github.com/namecoin/tlsrestrictnss v0.0.5/go.mod h1:mtAZQgYM8yzvcKcWc+BLaANF4lpPbOESEY+CYO39QD4=
github.com/ogier/pflag v0.0.1 h1:RW6JSWSu/RkSatfcLtogGfFgpim5p7ARQ10ECk5O750=
github.com/ogier/pflag v0.0.1/go.mod h1:zkFki7tvTa0tafRvTBIZTvzYyAu6kQhPZFnshFFPE+g=
github.com/pelletier/go-toml/v2 v2.4.3 h1:GTRvJQutkOSftxIFD5xw9aepkYNuPWmVJpffdDPYVpY=
github.com/pelletier/go-toml/v2 v2.4.3/go.mod h1:2gIqNv+qfxSVS7cM2xJQKtLSTLUE9V8t9Stt+h56mCY=
github.com/phuslu/log v1.0.128 h1:g9dioj35SZiuFWBaIrHJjDyppIYdhhQpwZJ+DlLW//U=
github.com/phuslu/log v1.0.128/go.mod h1:F8osGJADo5qLK/0F88djWwdyoZZ9xDJQL1HYRHFEkS0=
github.com/pkg/diff v0.0.0-20210226163009-20ebb0f2a09e/go.mod h1:pJLUxLENpZxwdsKMEsNbx1VGcRFpLqf3715MtcvvzbA=
github.com/pmezard/go-difflib v1.0.0 h1:4DBwDE0NGyQoBHbLQYPwSUPoCMWR5BEzIk/f1lZbAQM=
github.com/pmezard/go-difflib v1.0.0/go.mod h1:iKH77koFhYxTK1pcRnkKkqfTogsbg7gZNVY4sRDYZ/4=
github.com/rogpeppe/go-internal v1.9.0 h1:73kH8U+JUqXU8lRuOHeVHaa/SZPifC7BkcraZVejAe8=
github.com/rogpeppe/go-internal v1.9.0/go.mod h1:WtVeX8xhTBvf0smdhujwtBcq4Qrzq/fJaraNFVN+nFs=
github.com/shiena/ansicolor v0.0.0-20230509054315-a9deabde6e02 h1:v9ezJDHA1XGxViAUSIoO/Id7Fl63u6d0YmsAm+/p2hs=
github.com/shiena/ansicolor v0.0.0-20230509054315-a9deabde6e02/go.mod h1:RF16/A3L0xSa0oSERcnhd8Pu3IXSDZSK2gmGIMsttFE=
github.com/stretchr/objx v0.1.0/go.mod h1:HFkY916IF+rwdDfMAkV7OtwuqBVzrE8GR6GFx+wExME=
github.com/stretchr/testify v1.4.0/go.mod h1:j7eGeouHqKxXV5pUuKE4zz7dFj8WfuZ+81PSLYec5m4=
github.com/stretchr/testify v1.10.0 h1:Xv5erBjTwe/5IxqUQTdXv5kgmIvbHo3QQyRwhJsOfJA=
github.com/stretchr/testify v1.10.0/go.mod h1:r2ic/lqez/lEtzL7wO/rwa5dbSLXVDPFyf8C91i36aY=
github.com/x448/float16 v0.8.4 h1:qLwI1I70+NjRFUR3zs1JPUCgaCXSh3SW62uAKT1mSBM=
github.com/x448/float16 v0.8.4/go.mod h1:14CWIYCyZA/cWjXOioeEpHeN/83MdbZDRQHoFcYsOfg=
github.com/xhit/go-str2duration/v2 v2.1.0 h1:lxklc02Drh6ynqX+DdPyp5pCKLUQpRT8bp8Ydu2Bstc=
github.com/xhit/go-str2duration/v2 v2.1.0/go.mod h1:ohY8p+0f07DiV6Em5LKB0s2YpLtXVyJfNt1+BlmyAsU=
golang.org/x/crypto v0.46.0 h1:cKRW/pmt1pKAfetfu+RCEvjvZkA9RimPbh7bhFjGVBU=
golang.org/x/crypto v0.46.0/go.mod h1:Evb/oLKmMraqjZ2iQTwDwvCtJkczlDuTmdJXoZVzqU0=
golang.org/x/mod v0.31.0 h1:HaW9xtz0+kOcWKwli0ZXy79Ix+UW/vOfmWI5QVd2tgI=
golang.org/x/mod v0.31.0/go.mod h1:43JraMp9cGx1Rx3AqioxrbrhNsLl2l/iNAvuBkrezpg=
golang.org/x/net v0.48.0 h1:zyQRTTrjc33Lhh0fBgT/H3oZq9WuvRR5gPC70xpDiQU=
golang.org/x/net v0.48.0/go.mod h1:+ndRgGjkh8FGtu1w1FGbEC31if4VrNVMuKTgcAAnQRY=
golang.org/x/sync v0.19.0 h1:vV+1eWNmZ5geRlYjzm2adRgW2/mcpevXNg50YZtPCE4=
golang.org/x/sync v0.19.0/go.mod h1:9KTHXmSnoGruLpwFjVSX0lNNA75CykiMECbovNTZqGI=
golang.org/x/sys v0.39.0 h1:CvCKL8MeisomCi6qNZ+wbb0DN9E5AATixKsvNtMoMFk=
golang.org/x/sys v0.39.0/go.mod h1:OgkHotnGiDImocRcuBABYBEXf8A9a87e/uXjp9XT3ks=
golang.org/x/tools v0.40.0 h1:yLkxfA+Qnul4cs9QA3KnlFu0lVmd8JJfoq+E41uSutA=
golang.org/x/tools v0.40.0/go.mod h1:Ik/tzLRlbscWpqqMRjyWYDisX8bG13FrdXp3o4Sr9lc=
gopkg.in/check.v1 v0.0.0-20161208181325-20d25e280405/go.mod h1:Co6ibVJAznAaIkqp8huTwlJQCZ016jof/cbN4VW5Yz0=
gopkg.in/hlandau/configurable.v1 v1.0.1 h1:rH8g/WXZu2b/eyLagvsqUf9q5mO66hfGHW5L4rm8ktk=
gopkg.in/hlandau/configurable.v1 v1.0.1/go.mod h1:rlyQpcii/QkMGudMSMoe3jjHAgqLZuqg0hQkiUcNfF8=
gopkg.in/hlandau/easyconfig.v1 v1.0.18 h1:8i8/X1+7bswm063Ypl1myeNy7BIXbI0sr0R0RsXEU+I=
gopkg.in/hlandau/easyconfig.v1 v1.0.18/go.mod h1:fljDHM+/VAXpyEN/45q6RFtcOFnUaF1Wgr6p4LLICoU=
gopkg.in/hlandau/madns.v2 v2.0.2 h1:Q0vUfMiGY/3ZEPKnsy8+WDiFpMGEBaLK76jtt642wEE=
gopkg.in/hlandau/madns.v2 v2.0.2/go.mod h1:uUp3yNeVWJG5r32mtfoWwj+1Fzgh9UrNPRqsZhWReCE=
gopkg.in/hlandau/service.v2 v2.0.17 h1:D2BkHHv8RBedlXZ6i88nN+OuvDUhNQSehZIPQaNjUVc=
gopkg.in/hlandau/service.v2 v2.0.17/go.mod h1:3f+96gui2lGv8llWOAUPi9+oI+TOBIyvlVHa1DUwliA=
gopkg.in/hlandau/svcutils.v1 v1.0.11 h1:F+BANbiBJ0YZIEW9f4Uy2+vaSwaEQO+uYgrlhBb10Ho=
gopkg.in/hlandau/svcutils.v1 v1.0.11/go.mod h1:aAoYFMVAq2ck6z8av+FBxzX/qX1ehmUIc5PgGBf+P3I=
gopkg.in/yaml.v2 v2.2.2/go.mod h1:hI93XBmqTisBFMUTm0b8Fm+jr3Dg1NNxqwp+5A1VGuI=
gopkg.in/yaml.v2 v2.4.0 h1:D8xgwECY7CYvx+Y2n4sBz93Jn9JRvxdiyyo8CTfuKaY=
gopkg.in/yaml.v2 v2.4.0/go.mod h1:RDklbk79AGWmwhnvt/jBztapEOGDOx6ZbXqjP6csGnQ=
gopkg.in/yaml.v3 v3.0.1 h1:fxVm/GzAzEWqLHuvctI91KS9hhNmmWOoWu0XTYJS7CA=
gopkg.in/yaml.v3 v3.0.1/go.mod h1:K4uyk7z7BCEPqu6E+C64Yfv1cQ7kz7rIZviUmN+EgEM=
